
Microsoft Visual Studio Solution File, Format Version 12.00
# Visual Studio Version 17
VisualStudioVersion = 17.13.35825.156 d17.13
MinimumVisualStudioVersion = 10.0.40219.1
Project("{FAE04EC0-301F-11D3-BF4B-00C04F79EFBC}") = "finalpracticeproject", "finalpracticeproject.csproj", "{CCACE454-41DE-446F-A622-8BD5D373832E}"
EndProject
Global
	GlobalSection(SolutionConfigurationPlatforms) = preSolution
		Debug|Any CPU = Debug|Any CPU
		Release|Any CPU = Release|Any CPU
	EndGlobalSection
	GlobalSection(ProjectConfigurationPlatforms) = postSolution
		{CCACE454-41DE-446F-A622-8BD5D373832E}.Debug|Any CPU.ActiveCfg = Debug|Any CPU
		{CCACE454-41DE-446F-A622-8BD5D373832E}.Debug|Any CPU.Build.0 = Debug|Any CPU
		{CCACE454-41DE-446F-A622-8BD5D373832E}.Release|Any CPU.ActiveCfg = Release|Any CPU
		{CCACE454-41DE-446F-A622-8BD5D373832E}.Release|Any CPU.Build.0 = Release|Any CPU
	EndGlobalSection
	GlobalSection(SolutionProperties) = preSolution
		HideSolutionNode = FALSE
	EndGlobalSection
	GlobalSection(ExtensibilityGlobals) = postSolution
		SolutionGuid = {033AAD91-2FFA-4D56-8748-E972BC9AEA45}
	EndGlobalSection
EndGlobal
